// !$*UTF8*$!
{
	archiveVersion = 1;
	classes = {
	};
	objectVersion = 56;
	objects = {

/* Begin PBXBuildFile section */
		F50003DF2BA2770E000AFFA4 /* TabbarViewController.swift in Sources */ = {isa = PBXBuildFile; fileRef = F50003DE2BA2770E000AFFA4 /* TabbarViewController.swift */; };
		F50003E32BA29060000AFFA4 /* MovieListViewController.swift in Sources */ = {isa = PBXBuildFile; fileRef = F50003E12BA29060000AFFA4 /* MovieListViewController.swift */; };
		F50003E42BA29060000AFFA4 /* MovieListViewController.xib in Resources */ = {isa = PBXBuildFile; fileRef = F50003E22BA29060000AFFA4 /* MovieListViewController.xib */; };
		F50003E82BA29436000AFFA4 /* MovieCollectionViewCell.swift in Sources */ = {isa = PBXBuildFile; fileRef = F50003E62BA29436000AFFA4 /* MovieCollectionViewCell.swift */; };
		F50003E92BA29436000AFFA4 /* MovieCollectionViewCell.xib in Resources */ = {isa = PBXBuildFile; fileRef = F50003E72BA29436000AFFA4 /* MovieCollectionViewCell.xib */; };
		F50003EC2BA29791000AFFA4 /* UICollectionViewExtension.swift in Sources */ = {isa = PBXBuildFile; fileRef = F50003EB2BA29791000AFFA4 /* UICollectionViewExtension.swift */; };
		F50003EE2BA29A22000AFFA4 /* UIViewExtension.swift in Sources */ = {isa = PBXBuildFile; fileRef = F50003ED2BA29A22000AFFA4 /* UIViewExtension.swift */; };
		F50940E12BA31064005B6996 /* MovieDetailsViewController.swift in Sources */ = {isa = PBXBuildFile; fileRef = F50940DF2BA31064005B6996 /* MovieDetailsViewController.swift */; };
		F50940E22BA31064005B6996 /* MovieDetailsViewController.xib in Resources */ = {isa = PBXBuildFile; fileRef = F50940E02BA31064005B6996 /* MovieDetailsViewController.xib */; };
		F50940E52BA43A5F005B6996 /* NetworkClient.swift in Sources */ = {isa = PBXBuildFile; fileRef = F50940E42BA43A5F005B6996 /* NetworkClient.swift */; };
		F50940E72BA43A67005B6996 /* APIRouter.swift in Sources */ = {isa = PBXBuildFile; fileRef = F50940E62BA43A67005B6996 /* APIRouter.swift */; };
		F50940E92BA43A74005B6996 /* Constants.swift in Sources */ = {isa = PBXBuildFile; fileRef = F50940E82BA43A74005B6996 /* Constants.swift */; };
		F50940EE2BA43CDB005B6996 /* MovieListModel.swift in Sources */ = {isa = PBXBuildFile; fileRef = F50940ED2BA43CDB005B6996 /* MovieListModel.swift */; };
		F50940F02BA43D29005B6996 /* MovieListRepo.swift in Sources */ = {isa = PBXBuildFile; fileRef = F50940EF2BA43D29005B6996 /* MovieListRepo.swift */; };
		F50940F22BA43D43005B6996 /* MovieListEntity.swift in Sources */ = {isa = PBXBuildFile; fileRef = F50940F12BA43D43005B6996 /* MovieListEntity.swift */; };
		F50940F72BA43EEE005B6996 /* MovieListUsecase.swift in Sources */ = {isa = PBXBuildFile; fileRef = F50940F62BA43EEE005B6996 /* MovieListUsecase.swift */; };
		F50940FC2BA4449D005B6996 /* MovieListRouter.swift in Sources */ = {isa = PBXBuildFile; fileRef = F50940FB2BA4449D005B6996 /* MovieListRouter.swift */; };
		F50940FE2BA44528005B6996 /* MovieListViewModel.swift in Sources */ = {isa = PBXBuildFile; fileRef = F50940FD2BA44527005B6996 /* MovieListViewModel.swift */; };
		F50941002BA4452F005B6996 /* MovieListViewModelType.swift in Sources */ = {isa = PBXBuildFile; fileRef = F50940FF2BA4452F005B6996 /* MovieListViewModelType.swift */; };
		F50941022BA44BC7005B6996 /* ImageDownloader.swift in Sources */ = {isa = PBXBuildFile; fileRef = F50941012BA44BC7005B6996 /* ImageDownloader.swift */; };
		F5427A142BA2644B0083E4DA /* AppDelegate.swift in Sources */ = {isa = PBXBuildFile; fileRef = F5427A132BA2644B0083E4DA /* AppDelegate.swift */; };
		F5427A162BA2644B0083E4DA /* SceneDelegate.swift in Sources */ = {isa = PBXBuildFile; fileRef = F5427A152BA2644B0083E4DA /* SceneDelegate.swift */; };
		F5427A1B2BA2644B0083E4DA /* Main.storyboard in Resources */ = {isa = PBXBuildFile; fileRef = F5427A192BA2644B0083E4DA /* Main.storyboard */; };
		F5427A1D2BA2644C0083E4DA /* Assets.xcassets in Resources */ = {isa = PBXBuildFile; fileRef = F5427A1C2BA2644C0083E4DA /* Assets.xcassets */; };
		F5427A202BA2644C0083E4DA /* LaunchScreen.storyboard in Resources */ = {isa = PBXBuildFile; fileRef = F5427A1E2BA2644C0083E4DA /* LaunchScreen.storyboard */; };
/* End PBXBuildFile section */

/* Begin PBXFileReference section */
		F50003DE2BA2770E000AFFA4 /* TabbarViewController.swift */ = {isa = PBXFileReference; lastKnownFileType = sourcecode.swift; path = TabbarViewController.swift; sourceTree = "<group>"; };
		F50003E12BA29060000AFFA4 /* MovieListViewController.swift */ = {isa = PBXFileReference; lastKnownFileType = sourcecode.swift; path = MovieListViewController.swift; sourceTree = "<group>"; };
		F50003E22BA29060000AFFA4 /* MovieListViewController.xib */ = {isa = PBXFileReference; lastKnownFileType = file.xib; path = MovieListViewController.xib; sourceTree = "<group>"; };
		F50003E62BA29436000AFFA4 /* MovieCollectionViewCell.swift */ = {isa = PBXFileReference; lastKnownFileType = sourcecode.swift; path = MovieCollectionViewCell.swift; sourceTree = "<group>"; };
		F50003E72BA29436000AFFA4 /* MovieCollectionViewCell.xib */ = {isa = PBXFileReference; lastKnownFileType = file.xib; path = MovieCollectionViewCell.xib; sourceTree = "<group>"; };
		F50003EB2BA29791000AFFA4 /* UICollectionViewExtension.swift */ = {isa = PBXFileReference; lastKnownFileType = sourcecode.swift; path = UICollectionViewExtension.swift; sourceTree = "<group>"; };
		F50003ED2BA29A22000AFFA4 /* UIViewExtension.swift */ = {isa = PBXFileReference; lastKnownFileType = sourcecode.swift; path = UIViewExtension.swift; sourceTree = "<group>"; };
		F50940DF2BA31064005B6996 /* MovieDetailsViewController.swift */ = {isa = PBXFileReference; lastKnownFileType = sourcecode.swift; path = MovieDetailsViewController.swift; sourceTree = "<group>"; };
		F50940E02BA31064005B6996 /* MovieDetailsViewController.xib */ = {isa = PBXFileReference; lastKnownFileType = file.xib; path = MovieDetailsViewController.xib; sourceTree = "<group>"; };
		F50940E42BA43A5F005B6996 /* NetworkClient.swift */ = {isa = PBXFileReference; lastKnownFileType = sourcecode.swift; path = NetworkClient.swift; sourceTree = "<group>"; };
		F50940E62BA43A67005B6996 /* APIRouter.swift */ = {isa = PBXFileReference; lastKnownFileType = sourcecode.swift; path = APIRouter.swift; sourceTree = "<group>"; };
		F50940E82BA43A74005B6996 /* Constants.swift */ = {isa = PBXFileReference; lastKnownFileType = sourcecode.swift; path = Constants.swift; sourceTree = "<group>"; };
		F50940ED2BA43CDB005B6996 /* MovieListModel.swift */ = {isa = PBXFileReference; lastKnownFileType = sourcecode.swift; path = MovieListModel.swift; sourceTree = "<group>"; };
		F50940EF2BA43D29005B6996 /* MovieListRepo.swift */ = {isa = PBXFileReference; lastKnownFileType = sourcecode.swift; path = MovieListRepo.swift; sourceTree = "<group>"; };
		F50940F12BA43D43005B6996 /* MovieListEntity.swift */ = {isa = PBXFileReference; lastKnownFileType = sourcecode.swift; path = MovieListEntity.swift; sourceTree = "<group>"; };
		F50940F62BA43EEE005B6996 /* MovieListUsecase.swift */ = {isa = PBXFileReference; lastKnownFileType = sourcecode.swift; path = MovieListUsecase.swift; sourceTree = "<group>"; };
		F50940FB2BA4449D005B6996 /* MovieListRouter.swift */ = {isa = PBXFileReference; lastKnownFileType = sourcecode.swift; path = MovieListRouter.swift; sourceTree = "<group>"; };
		F50940FD2BA44527005B6996 /* MovieListViewModel.swift */ = {isa = PBXFileReference; lastKnownFileType = sourcecode.swift; path = MovieListViewModel.swift; sourceTree = "<group>"; };
		F50940FF2BA4452F005B6996 /* MovieListViewModelType.swift */ = {isa = PBXFileReference; lastKnownFileType = sourcecode.swift; path = MovieListViewModelType.swift; sourceTree = "<group>"; };
		F50941012BA44BC7005B6996 /* ImageDownloader.swift */ = {isa = PBXFileReference; lastKnownFileType = sourcecode.swift; path = ImageDownloader.swift; sourceTree = "<group>"; };
		F5427A102BA2644B0083E4DA /* banquemisr.challenge05.app */ = {isa = PBXFileReference; explicitFileType = wrapper.application; includeInIndex = 0; path = banquemisr.challenge05.app; sourceTree = BUILT_PRODUCTS_DIR; };
		F5427A132BA2644B0083E4DA /* AppDelegate.swift */ = {isa = PBXFileReference; lastKnownFileType = sourcecode.swift; path = AppDelegate.swift; sourceTree = "<group>"; };
		F5427A152BA2644B0083E4DA /* SceneDelegate.swift */ = {isa = PBXFileReference; lastKnownFileType = sourcecode.swift; path = SceneDelegate.swift; sourceTree = "<group>"; };
		F5427A1A2BA2644B0083E4DA /* Base */ = {isa = PBXFileReference; lastKnownFileType = file.storyboard; name = Base; path = Base.lproj/Main.storyboard; sourceTree = "<group>"; };
		F5427A1C2BA2644C0083E4DA /* Assets.xcassets */ = {isa = PBXFileReference; lastKnownFileType = folder.assetcatalog; path = Assets.xcassets; sourceTree = "<group>"; };
		F5427A1F2BA2644C0083E4DA /* Base */ = {isa = PBXFileReference; lastKnownFileType = file.storyboard; name = Base; path = Base.lproj/LaunchScreen.storyboard; sourceTree = "<group>"; };
		F5427A212BA2644C0083E4DA /* Info.plist */ = {isa = PBXFileReference; lastKnownFileType = text.plist.xml; path = Info.plist; sourceTree = "<group>"; };
/* End PBXFileReference section */

/* Begin PBXFrameworksBuildPhase section */
		F5427A0D2BA2644B0083E4DA /* Frameworks */ = {
			isa = PBXFrameworksBuildPhase;
			buildActionMask = 2147483647;
			files = (
			);
			runOnlyForDeploymentPostprocessing = 0;
		};
/* End PBXFrameworksBuildPhase section */

/* Begin PBXGroup section */
		F50003D52BA26D7D000AFFA4 /* AppCore */ = {
			isa = PBXGroup;
			children = (
				F5427A132BA2644B0083E4DA /* AppDelegate.swift */,
				F5427A152BA2644B0083E4DA /* SceneDelegate.swift */,
			);
			path = AppCore;
			sourceTree = "<group>";
		};
		F50003D62BA26D89000AFFA4 /* Resources */ = {
			isa = PBXGroup;
			children = (
				F5427A192BA2644B0083E4DA /* Main.storyboard */,
				F5427A1C2BA2644C0083E4DA /* Assets.xcassets */,
				F5427A1E2BA2644C0083E4DA /* LaunchScreen.storyboard */,
			);
			path = Resources;
			sourceTree = "<group>";
		};
		F50003D72BA27645000AFFA4 /* Scenes */ = {
			isa = PBXGroup;
			children = (
				F50003DB2BA276CF000AFFA4 /* TabbarManager */,
				F50003E02BA29002000AFFA4 /* MovieListScene */,
				F50940DE2BA31045005B6996 /* MovieDetailsScene */,
			);
			path = Scenes;
			sourceTree = "<group>";
		};
		F50003DB2BA276CF000AFFA4 /* TabbarManager */ = {
			isa = PBXGroup;
			children = (
				F50003DE2BA2770E000AFFA4 /* TabbarViewController.swift */,
			);
			path = TabbarManager;
			sourceTree = "<group>";
		};
		F50003E02BA29002000AFFA4 /* MovieListScene */ = {
			isa = PBXGroup;
			children = (
				F50940FA2BA44487005B6996 /* Router */,
				F50940F92BA4447F005B6996 /* ViewModel */,
				F50940F82BA4447B005B6996 /* View */,
			);
			path = MovieListScene;
			sourceTree = "<group>";
		};
		F50003E52BA29407000AFFA4 /* MovieCollectionViewCell */ = {
			isa = PBXGroup;
			children = (
				F50003E62BA29436000AFFA4 /* MovieCollectionViewCell.swift */,
				F50003E72BA29436000AFFA4 /* MovieCollectionViewCell.xib */,
			);
			path = MovieCollectionViewCell;
			sourceTree = "<group>";
		};
		F50003EA2BA29780000AFFA4 /* Extensions */ = {
			isa = PBXGroup;
			children = (
				F50003EB2BA29791000AFFA4 /* UICollectionViewExtension.swift */,
				F50003ED2BA29A22000AFFA4 /* UIViewExtension.swift */,
			);
			path = Extensions;
			sourceTree = "<group>";
		};
		F50940DE2BA31045005B6996 /* MovieDetailsScene */ = {
			isa = PBXGroup;
			children = (
				F50940DF2BA31064005B6996 /* MovieDetailsViewController.swift */,
				F50940E02BA31064005B6996 /* MovieDetailsViewController.xib */,
			);
			path = MovieDetailsScene;
			sourceTree = "<group>";
		};
		F50940E32BA43A47005B6996 /* NetworkLayer */ = {
			isa = PBXGroup;
			children = (
				F50940E82BA43A74005B6996 /* Constants.swift */,
				F50940E62BA43A67005B6996 /* APIRouter.swift */,
				F50940E42BA43A5F005B6996 /* NetworkClient.swift */,
				F50941012BA44BC7005B6996 /* ImageDownloader.swift */,
			);
			path = NetworkLayer;
			sourceTree = "<group>";
		};
		F50940EA2BA43CC3005B6996 /* Domain */ = {
			isa = PBXGroup;
			children = (
				F50940F52BA43EDE005B6996 /* Usecase */,
				F50940F32BA43D49005B6996 /* Entities */,
			);
			path = Domain;
			sourceTree = "<group>";
		};
		F50940EB2BA43CC8005B6996 /* Data */ = {
			isa = PBXGroup;
			children = (
				F50940EC2BA43CCF005B6996 /* Model */,
				F50940F42BA43D54005B6996 /* Repositories */,
			);
			path = Data;
			sourceTree = "<group>";
		};
		F50940EC2BA43CCF005B6996 /* Model */ = {
			isa = PBXGroup;
			children = (
				F50940ED2BA43CDB005B6996 /* MovieListModel.swift */,
			);
			path = Model;
			sourceTree = "<group>";
		};
		F50940F32BA43D49005B6996 /* Entities */ = {
			isa = PBXGroup;
			children = (
				F50940F12BA43D43005B6996 /* MovieListEntity.swift */,
			);
			path = Entities;
			sourceTree = "<group>";
		};
		F50940F42BA43D54005B6996 /* Repositories */ = {
			isa = PBXGroup;
			children = (
				F50940EF2BA43D29005B6996 /* MovieListRepo.swift */,
			);
			path = Repositories;
			sourceTree = "<group>";
		};
		F50940F52BA43EDE005B6996 /* Usecase */ = {
			isa = PBXGroup;
			children = (
				F50940F62BA43EEE005B6996 /* MovieListUsecase.swift */,
			);
			path = Usecase;
			sourceTree = "<group>";
		};
		F50940F82BA4447B005B6996 /* View */ = {
			isa = PBXGroup;
			children = (
				F50003E52BA29407000AFFA4 /* MovieCollectionViewCell */,
				F50003E12BA29060000AFFA4 /* MovieListViewController.swift */,
				F50003E22BA29060000AFFA4 /* MovieListViewController.xib */,
			);
			path = View;
			sourceTree = "<group>";
		};
		F50940F92BA4447F005B6996 /* ViewModel */ = {
			isa = PBXGroup;
			children = (
				F50940FF2BA4452F005B6996 /* MovieListViewModelType.swift */,
				F50940FD2BA44527005B6996 /* MovieListViewModel.swift */,
			);
			path = ViewModel;
			sourceTree = "<group>";
		};
		F50940FA2BA44487005B6996 /* Router */ = {
			isa = PBXGroup;
			children = (
				F50940FB2BA4449D005B6996 /* MovieListRouter.swift */,
			);
			path = Router;
			sourceTree = "<group>";
		};
		F5427A072BA2644B0083E4DA = {
			isa = PBXGroup;
			children = (
				F5427A122BA2644B0083E4DA /* banquemisr.challenge05 */,
				F5427A112BA2644B0083E4DA /* Products */,
			);
			sourceTree = "<group>";
		};
		F5427A112BA2644B0083E4DA /* Products */ = {
			isa = PBXGroup;
			children = (
				F5427A102BA2644B0083E4DA /* banquemisr.challenge05.app */,
			);
			name = Products;
			sourceTree = "<group>";
		};
		F5427A122BA2644B0083E4DA /* banquemisr.challenge05 */ = {
			isa = PBXGroup;
			children = (
				F50940EB2BA43CC8005B6996 /* Data */,
				F50940EA2BA43CC3005B6996 /* Domain */,
				F50940E32BA43A47005B6996 /* NetworkLayer */,
				F50003EA2BA29780000AFFA4 /* Extensions */,
				F50003D72BA27645000AFFA4 /* Scenes */,
				F50003D62BA26D89000AFFA4 /* Resources */,
				F50003D52BA26D7D000AFFA4 /* AppCore */,
				F5427A212BA2644C0083E4DA /* Info.plist */,
			);
			path = banquemisr.challenge05;
			sourceTree = "<group>";
		};
/* End PBXGroup section */

/* Begin PBXNativeTarget section */
		F5427A0F2BA2644B0083E4DA /* banquemisr.challenge05 */ = {
			isa = PBXNativeTarget;
			buildConfigurationList = F5427A242BA2644C0083E4DA /* Build configuration list for PBXNativeTarget "banquemisr.challenge05" */;
			buildPhases = (
				F5427A0C2BA2644B0083E4DA /* Sources */,
				F5427A0D2BA2644B0083E4DA /* Frameworks */,
				F5427A0E2BA2644B0083E4DA /* Resources */,
			);
			buildRules = (
			);
			dependencies = (
			);
			name = banquemisr.challenge05;
			productName = banquemisr.challenge05;
			productReference = F5427A102BA2644B0083E4DA /* banquemisr.challenge05.app */;
			productType = "com.apple.product-type.application";
		};
/* End PBXNativeTarget section */

/* Begin PBXProject section */
		F5427A082BA2644B0083E4DA /* Project object */ = {
			isa = PBXProject;
			attributes = {
				BuildIndependentTargetsInParallel = 1;
				LastSwiftUpdateCheck = 1500;
				LastUpgradeCheck = 1500;
				TargetAttributes = {
					F5427A0F2BA2644B0083E4DA = {
						CreatedOnToolsVersion = 15.0;
					};
				};
			};
			buildConfigurationList = F5427A0B2BA2644B0083E4DA /* Build configuration list for PBXProject "banquemisr.challenge05" */;
			compatibilityVersion = "Xcode 14.0";
			developmentRegion = en;
			hasScannedForEncodings = 0;
			knownRegions = (
				en,
				Base,
			);
			mainGroup = F5427A072BA2644B0083E4DA;
			productRefGroup = F5427A112BA2644B0083E4DA /* Products */;
			projectDirPath = "";
			projectRoot = "";
			targets = (
				F5427A0F2BA2644B0083E4DA /* banquemisr.challenge05 */,
			);
		};
/* End PBXProject section */

/* Begin PBXResourcesBuildPhase section */
		F5427A0E2BA2644B0083E4DA /* Resources */ = {
			isa = PBXResourcesBuildPhase;
			buildActionMask = 2147483647;
			files = (
				F50003E92BA29436000AFFA4 /* MovieCollectionViewCell.xib in Resources */,
				F5427A202BA2644C0083E4DA /* LaunchScreen.storyboard in Resources */,
				F5427A1D2BA2644C0083E4DA /* Assets.xcassets in Resources */,
				F5427A1B2BA2644B0083E4DA /* Main.storyboard in Resources */,
				F50940E22BA31064005B6996 /* MovieDetailsViewController.xib in Resources */,
				F50003E42BA29060000AFFA4 /* MovieListViewController.xib in Resources */,
			);
			runOnlyForDeploymentPostprocessing = 0;
		};
/* End PBXResourcesBuildPhase section */

/* Begin PBXSourcesBuildPhase section */
		F5427A0C2BA2644B0083E4DA /* Sources */ = {
			isa = PBXSourcesBuildPhase;
			buildActionMask = 2147483647;
			files = (
				F50940EE2BA43CDB005B6996 /* MovieListModel.swift in Sources */,
				F50940FE2BA44528005B6996 /* MovieListViewModel.swift in Sources */,
				F50940E12BA31064005B6996 /* MovieDetailsViewController.swift in Sources */,
				F50941002BA4452F005B6996 /* MovieListViewModelType.swift in Sources */,
				F50940E92BA43A74005B6996 /* Constants.swift in Sources */,
				F50940F22BA43D43005B6996 /* MovieListEntity.swift in Sources */,
				F50940E72BA43A67005B6996 /* APIRouter.swift in Sources */,
				F50003DF2BA2770E000AFFA4 /* TabbarViewController.swift in Sources */,
				F50941022BA44BC7005B6996 /* ImageDownloader.swift in Sources */,
				F5427A142BA2644B0083E4DA /* AppDelegate.swift in Sources */,
				F50003E82BA29436000AFFA4 /* MovieCollectionViewCell.swift in Sources */,
				F5427A162BA2644B0083E4DA /* SceneDelegate.swift in Sources */,
				F50940E52BA43A5F005B6996 /* NetworkClient.swift in Sources */,
				F50003EE2BA29A22000AFFA4 /* UIViewExtension.swift in Sources */,
				F50940F72BA43EEE005B6996 /* MovieListUsecase.swift in Sources */,
				F50003EC2BA29791000AFFA4 /* UICollectionViewExtension.swift in Sources */,
				F50940FC2BA4449D005B6996 /* MovieListRouter.swift in Sources */,
				F50003E32BA29060000AFFA4 /* MovieListViewController.swift in Sources */,
				F50940F02BA43D29005B6996 /* MovieListRepo.swift in Sources */,
			);
			runOnlyForDeploymentPostprocessing = 0;
		};
/* End PBXSourcesBuildPhase section */

/* Begin PBXVariantGroup section */
		F5427A192BA2644B0083E4DA /* Main.storyboard */ = {
			isa = PBXVariantGroup;
			children = (
				F5427A1A2BA2644B0083E4DA /* Base */,
			);
			name = Main.storyboard;
			sourceTree = "<group>";
		};
		F5427A1E2BA2644C0083E4DA /* LaunchScreen.storyboard */ = {
			isa = PBXVariantGroup;
			children = (
				F5427A1F2BA2644C0083E4DA /* Base */,
			);
			name = LaunchScreen.storyboard;
			sourceTree = "<group>";
		};
/* End PBXVariantGroup section */

/* Begin XCBuildConfiguration section */
		F5427A222BA2644C0083E4DA /* Debug */ = {
			isa = XCBuildConfiguration;
			buildSettings = {
				ALWAYS_SEARCH_USER_PATHS = NO;
				ASSETCATALOG_COMPILER_GENERATE_SWIFT_ASSET_SYMBOL_EXTENSIONS = YES;
				CLANG_ANALYZER_NONNULL = YES;
				CLANG_ANALYZER_NUMBER_OBJECT_CONVERSION = YES_AGGRESSIVE;
				CLANG_CXX_LANGUAGE_STANDARD = "gnu++20";
				CLANG_ENABLE_MODULES = YES;
				CLANG_ENABLE_OBJC_ARC = YES;
				CLANG_ENABLE_OBJC_WEAK = YES;
				CLANG_WARN_BLOCK_CAPTURE_AUTORELEASING = YES;
				CLANG_WARN_BOOL_CONVERSION = YES;
				CLANG_WARN_COMMA = YES;
				CLANG_WARN_CONSTANT_CONVERSION = YES;
				CLANG_WARN_DEPRECATED_OBJC_IMPLEMENTATIONS = YES;
				CLANG_WARN_DIRECT_OBJC_ISA_USAGE = YES_ERROR;
				CLANG_WARN_DOCUMENTATION_COMMENTS = YES;
				CLANG_WARN_EMPTY_BODY = YES;
				CLANG_WARN_ENUM_CONVERSION = YES;
				CLANG_WARN_INFINITE_RECURSION = YES;
				CLANG_WARN_INT_CONVERSION = YES;
				CLANG_WARN_NON_LITERAL_NULL_CONVERSION = YES;
				CLANG_WARN_OBJC_IMPLICIT_RETAIN_SELF = YES;
				CLANG_WARN_OBJC_LITERAL_CONVERSION = YES;
				CLANG_WARN_OBJC_ROOT_CLASS = YES_ERROR;
				CLANG_WARN_QUOTED_INCLUDE_IN_FRAMEWORK_HEADER = YES;
				CLANG_WARN_RANGE_LOOP_ANALYSIS = YES;
				CLANG_WARN_STRICT_PROTOTYPES = YES;
				CLANG_WARN_SUSPICIOUS_MOVE = YES;
				CLANG_WARN_UNGUARDED_AVAILABILITY = YES_AGGRESSIVE;
				CLANG_WARN_UNREACHABLE_CODE = YES;
				CLANG_WARN__DUPLICATE_METHOD_MATCH = YES;
				COPY_PHASE_STRIP = NO;
				DEBUG_INFORMATION_FORMAT = dwarf;
				ENABLE_STRICT_OBJC_MSGSEND = YES;
				ENABLE_TESTABILITY = YES;
				ENABLE_USER_SCRIPT_SANDBOXING = YES;
				GCC_C_LANGUAGE_STANDARD = gnu17;
				GCC_DYNAMIC_NO_PIC = NO;
				GCC_NO_COMMON_BLOCKS = YES;
				GCC_OPTIMIZATION_LEVEL = 0;
				GCC_PREPROCESSOR_DEFINITIONS = (
					"DEBUG=1",
					"$(inherited)",
				);
				GCC_WARN_64_TO_32_BIT_CONVERSION = YES;
				GCC_WARN_ABOUT_RETURN_TYPE = YES_ERROR;
				GCC_WARN_UNDECLARED_SELECTOR = YES;
				GCC_WARN_UNINITIALIZED_AUTOS = YES_AGGRESSIVE;
				GCC_WARN_UNUSED_FUNCTION = YES;
				GCC_WARN_UNUSED_VARIABLE = YES;
				IPHONEOS_DEPLOYMENT_TARGET = 17.0;
				LOCALIZATION_PREFERS_STRING_CATALOGS = YES;
				MTL_ENABLE_DEBUG_INFO = INCLUDE_SOURCE;
				MTL_FAST_MATH = YES;
				ONLY_ACTIVE_ARCH = YES;
				SDKROOT = iphoneos;
				SWIFT_ACTIVE_COMPILATION_CONDITIONS = "DEBUG $(inherited)";
				SWIFT_OPTIMIZATION_LEVEL = "-Onone";
			};
			name = Debug;
		};
		F5427A232BA2644C0083E4DA /* Release */ = {
			isa = XCBuildConfiguration;
			buildSettings = {
				ALWAYS_SEARCH_USER_PATHS = NO;
				ASSETCATALOG_COMPILER_GENERATE_SWIFT_ASSET_SYMBOL_EXTENSIONS = YES;
				CLANG_ANALYZER_NONNULL = YES;
				CLANG_ANALYZER_NUMBER_OBJECT_CONVERSION = YES_AGGRESSIVE;
				CLANG_CXX_LANGUAGE_STANDARD = "gnu++20";
				CLANG_ENABLE_MODULES = YES;
				CLANG_ENABLE_OBJC_ARC = YES;
				CLANG_ENABLE_OBJC_WEAK = YES;
				CLANG_WARN_BLOCK_CAPTURE_AUTORELEASING = YES;
				CLANG_WARN_BOOL_CONVERSION = YES;
				CLANG_WARN_COMMA = YES;
				CLANG_WARN_CONSTANT_CONVERSION = YES;
				CLANG_WARN_DEPRECATED_OBJC_IMPLEMENTATIONS = YES;
				CLANG_WARN_DIRECT_OBJC_ISA_USAGE = YES_ERROR;
				CLANG_WARN_DOCUMENTATION_COMMENTS = YES;
				CLANG_WARN_EMPTY_BODY = YES;
				CLANG_WARN_ENUM_CONVERSION = YES;
				CLANG_WARN_INFINITE_RECURSION = YES;
				CLANG_WARN_INT_CONVERSION = YES;
				CLANG_WARN_NON_LITERAL_NULL_CONVERSION = YES;
				CLANG_WARN_OBJC_IMPLICIT_RETAIN_SELF = YES;
				CLANG_WARN_OBJC_LITERAL_CONVERSION = YES;
				CLANG_WARN_OBJC_ROOT_CLASS = YES_ERROR;
				CLANG_WARN_QUOTED_INCLUDE_IN_FRAMEWORK_HEADER = YES;
				CLANG_WARN_RANGE_LOOP_ANALYSIS = YES;
				CLANG_WARN_STRICT_PROTOTYPES = YES;
				CLANG_WARN_SUSPICIOUS_MOVE = YES;
				CLANG_WARN_UNGUARDED_AVAILABILITY = YES_AGGRESSIVE;
				CLANG_WARN_UNREACHABLE_CODE = YES;
				CLANG_WARN__DUPLICATE_METHOD_MATCH = YES;
				COPY_PHASE_STRIP = NO;
				DEBUG_INFORMATION_FORMAT = "dwarf-with-dsym";
				ENABLE_NS_ASSERTIONS = NO;
				ENABLE_STRICT_OBJC_MSGSEND = YES;
				ENABLE_USER_SCRIPT_SANDBOXING = YES;
				GCC_C_LANGUAGE_STANDARD = gnu17;
				GCC_NO_COMMON_BLOCKS = YES;
				GCC_WARN_64_TO_32_BIT_CONVERSION = YES;
				GCC_WARN_ABOUT_RETURN_TYPE = YES_ERROR;
				GCC_WARN_UNDECLARED_SELECTOR = YES;
				GCC_WARN_UNINITIALIZED_AUTOS = YES_AGGRESSIVE;
				GCC_WARN_UNUSED_FUNCTION = YES;
				GCC_WARN_UNUSED_VARIABLE = YES;
				IPHONEOS_DEPLOYMENT_TARGET = 17.0;
				LOCALIZATION_PREFERS_STRING_CATALOGS = YES;
				MTL_ENABLE_DEBUG_INFO = NO;
				MTL_FAST_MATH = YES;
				SDKROOT = iphoneos;
				SWIFT_COMPILATION_MODE = wholemodule;
				VALIDATE_PRODUCT = YES;
			};
			name = Release;
		};
		F5427A252BA2644C0083E4DA /* Debug */ = {
			isa = XCBuildConfiguration;
			buildSettings = {
				ASSETCATALOG_COMPILER_APPICON_NAME = AppIcon;
				ASSETCATALOG_COMPILER_GLOBAL_ACCENT_COLOR_NAME = AccentColor;
				CODE_SIGN_STYLE = Automatic;
				CURRENT_PROJECT_VERSION = 1;
				GENERATE_INFOPLIST_FILE = YES;
				INFOPLIST_FILE = banquemisr.challenge05/Info.plist;
				INFOPLIST_KEY_UIApplicationSupportsIndirectInputEvents = YES;
				INFOPLIST_KEY_UILaunchStoryboardName = LaunchScreen;
				INFOPLIST_KEY_UIMainStoryboardFile = Main;
				INFOPLIST_KEY_UISupportedInterfaceOrientations_iPad = "UIInterfaceOrientationPortrait UIInterfaceOrientationPortraitUpsideDown UIInterfaceOrientationLandscapeLeft UIInterfaceOrientationLandscapeRight";
				INFOPLIST_KEY_UISupportedInterfaceOrientations_iPhone = "UIInterfaceOrientationPortrait UIInterfaceOrientationLandscapeLeft UIInterfaceOrientationLandscapeRight";
				IPHONEOS_DEPLOYMENT_TARGET = 17.0;
				LD_RUNPATH_SEARCH_PATHS = (
					"$(inherited)",
					"@executable_path/Frameworks",
				);
				MARKETING_VERSION = 1.0;
				PRODUCT_BUNDLE_IDENTIFIER = "com.momen.banquemisr-challenge05";
				PRODUCT_NAME = "$(TARGET_NAME)";
				SWIFT_EMIT_LOC_STRINGS = YES;
				SWIFT_VERSION = 5.0;
				TARGETED_DEVICE_FAMILY = "1,2";
			};
			name = Debug;
		};
		F5427A262BA2644C0083E4DA /* Release */ = {
			isa = XCBuildConfiguration;
			buildSettings = {
				ASSETCATALOG_COMPILER_APPICON_NAME = AppIcon;
				ASSETCATALOG_COMPILER_GLOBAL_ACCENT_COLOR_NAME = AccentColor;
				CODE_SIGN_STYLE = Automatic;
				CURRENT_PROJECT_VERSION = 1;
				GENERATE_INFOPLIST_FILE = YES;
				INFOPLIST_FILE = banquemisr.challenge05/Info.plist;
				INFOPLIST_KEY_UIApplicationSupportsIndirectInputEvents = YES;
				INFOPLIST_KEY_UILaunchStoryboardName = LaunchScreen;
				INFOPLIST_KEY_UIMainStoryboardFile = Main;
				INFOPLIST_KEY_UISupportedInterfaceOrientations_iPad = "UIInterfaceOrientationPortrait UIInterfaceOrientationPortraitUpsideDown UIInterfaceOrientationLandscapeLeft UIInterfaceOrientationLandscapeRight";
				INFOPLIST_KEY_UISupportedInterfaceOrientations_iPhone = "UIInterfaceOrientationPortrait UIInterfaceOrientationLandscapeLeft UIInterfaceOrientationLandscapeRight";
				IPHONEOS_DEPLOYMENT_TARGET = 17.0;
				LD_RUNPATH_SEARCH_PATHS = (
					"$(inherited)",
					"@executable_path/Frameworks",
				);
				MARKETING_VERSION = 1.0;
				PRODUCT_BUNDLE_IDENTIFIER = "com.momen.banquemisr-challenge05";
				PRODUCT_NAME = "$(TARGET_NAME)";
				SWIFT_EMIT_LOC_STRINGS = YES;
				SWIFT_VERSION = 5.0;
				TARGETED_DEVICE_FAMILY = "1,2";
			};
			name = Release;
		};
/* End XCBuildConfiguration section */

/* Begin XCConfigurationList section */
		F5427A0B2BA2644B0083E4DA /* Build configuration list for PBXProject "banquemisr.challenge05" */ = {
			isa = XCConfigurationList;
			buildConfigurations = (
				F5427A222BA2644C0083E4DA /* Debug */,
				F5427A232BA2644C0083E4DA /* Release */,
			);
			defaultConfigurationIsVisible = 0;
			defaultConfigurationName = Release;
		};
		F5427A242BA2644C0083E4DA /* Build configuration list for PBXNativeTarget "banquemisr.challenge05" */ = {
			isa = XCConfigurationList;
			buildConfigurations = (
				F5427A252BA2644C0083E4DA /* Debug */,
				F5427A262BA2644C0083E4DA /* Release */,
			);
			defaultConfigurationIsVisible = 0;
			defaultConfigurationName = Release;
		};
/* End XCConfigurationList section */
	};
	rootObject = F5427A082BA2644B0083E4DA /* Project object */;
}
